<?xml version="1.0" encoding="utf-8"?>
<Project ToolsVersion="4.0" xmlns="http://schemas.microsoft.com/developer/msbuild/2003">
  <ItemGroup>
    <Filter Include="Source Files">
      <UniqueIdentifier>{4FC737F1-C7A5-4376-A066-2A32D752A2FF}</UniqueIdentifier>
      <Extensions>cpp;c;cc;cxx;c++;cppm;ixx;def;odl;idl;hpj;bat;asm;asmx</Extensions>
    </Filter>
    <Filter Include="Resource Files">
      <UniqueIdentifier>{67DA6AB6-F800-4c08-8B7A-83BB121AAD01}</UniqueIdentifier>
      <Extensions>rc;ico;cur;bmp;dlg;rc2;rct;bin;rgs;gif;jpg;jpeg;jpe;resx;tiff;tif;png;wav;mfcribbon-ms</Extensions>
    </Filter>
    <Filter Include="Components">
      <UniqueIdentifier>{94f306dd-3227-4c6b-a02e-34e30033ec20}</UniqueIdentifier>
    </Filter>
    <Filter Include="Scenes">
      <UniqueIdentifier>{4d4a551c-989c-4b20-8e29-bf60b5f55b83}</UniqueIdentifier>
    </Filter>
    <Filter Include="GameObject">
      <UniqueIdentifier>{d475fa44-b1a4-43fe-b069-452c19bbbbea}</UniqueIdentifier>
    </Filter>
    <Filter Include="Logger">
      <UniqueIdentifier>{5cf0b1e5-0e09-4a40-bdbe-a94ff7909587}</UniqueIdentifier>
    </Filter>
    <Filter Include="Time">
      <UniqueIdentifier>{93ec39ff-b99d-471c-834d-ae2ab37d7426}</UniqueIdentifier>
    </Filter>
    <Filter Include="Input">
      <UniqueIdentifier>{c0d6e521-d76c-4a2f-ac57-9c529208bac9}</UniqueIdentifier>
    </Filter>
    <Filter Include="ResourceManager">
      <UniqueIdentifier>{3053b5fa-0326-46a6-8667-9dc86c0b2a4d}</UniqueIdentifier>
    </Filter>
    <Filter Include="Image">
      <UniqueIdentifier>{bfa23146-2b0a-4a26-8f51-2b101d85dc77}</UniqueIdentifier>
    </Filter>
  </ItemGroup>
  <ItemGroup>
    <ClCompile Include="main.cpp">
      <Filter>Source Files</Filter>
    </ClCompile>
    <ClCompile Include="Engine.cpp">
      <Filter>Source Files</Filter>
    </ClCompile>
    <ClCompile Include="Scene.cpp">
      <Filter>Scenes</Filter>
    </ClCompile>
    <ClCompile Include="SceneManager.cpp">
      <Filter>Scenes</Filter>
    </ClCompile>
    <ClCompile Include="GameObject.cpp">
      <Filter>GameObject</Filter>
    </ClCompile>
    <ClCompile Include="Logger.cpp">
      <Filter>Logger</Filter>
    </ClCompile>
    <ClCompile Include="ConsoleLogger.cpp">
      <Filter>Logger</Filter>
    </ClCompile>
    <ClCompile Include="Time.cpp">
      <Filter>Time</Filter>
    </ClCompile>
    <ClCompile Include="Renderer.cpp">
      <Filter>Source Files</Filter>
    </ClCompile>
    <ClCompile Include="SquareRenderComp.cpp">
      <Filter>Components</Filter>
    </ClCompile>
    <ClCompile Include="Input.cpp">
      <Filter>Input</Filter>
    </ClCompile>
    <ClCompile Include="Loaders.cpp">
      <Filter>ResourceManager</Filter>
    </ClCompile>
    <ClCompile Include="Texture.cpp">
      <Filter>Source Files</Filter>
    </ClCompile>
    <ClCompile Include="ImageComponent.cpp">
      <Filter>Components</Filter>
    </ClCompile>
    <ClCompile Include="Transform.cpp">
      <Filter>Components</Filter>
    </ClCompile>
    <ClCompile Include="Component.cpp">
      <Filter>Source Files</Filter>
    </ClCompile>
  </ItemGroup>
  <ItemGroup>
    <ClInclude Include="Engine.h">
      <Filter>Source Files</Filter>
    </ClInclude>
    <ClInclude Include="Component.h">
      <Filter>Components</Filter>
    </ClInclude>
    <ClInclude Include="Singleton.h">
      <Filter>Source Files</Filter>
    </ClInclude>
    <ClInclude Include="Scene.h">
      <Filter>Scenes</Filter>
    </ClInclude>
    <ClInclude Include="SceneManager.h">
      <Filter>Scenes</Filter>
    </ClInclude>
    <ClInclude Include="GameObject.h">
      <Filter>GameObject</Filter>
    </ClInclude>
    <ClInclude Include="Logger.h">
      <Filter>Logger</Filter>
    </ClInclude>
    <ClInclude Include="LoggerService.h">
      <Filter>Logger</Filter>
    </ClInclude>
    <ClInclude Include="NullLogger.h">
      <Filter>Logger</Filter>
    </ClInclude>
    <ClInclude Include="ConsoleLogger.h">
      <Filter>Logger</Filter>
    </ClInclude>
    <ClInclude Include="Time.h">
      <Filter>Time</Filter>
    </ClInclude>
    <ClInclude Include="Renderer.h">
      <Filter>Source Files</Filter>
    </ClInclude>
    <ClInclude Include="SquareRenderComp.h">
      <Filter>Components</Filter>
    </ClInclude>
    <ClInclude Include="Input.h">
      <Filter>Input</Filter>
    </ClInclude>
    <ClInclude Include="Command.h">
      <Filter>Source Files</Filter>
    </ClInclude>
    <ClInclude Include="QuitCommand.h">
      <Filter>Source Files</Filter>
    </ClInclude>
    <ClInclude Include="ResourceManager.h">
      <Filter>ResourceManager</Filter>
    </ClInclude>
    <ClInclude Include="Loaders.h">
      <Filter>ResourceManager</Filter>
    </ClInclude>
    <ClInclude Include="Texture.h">
      <Filter>Image</Filter>
    </ClInclude>
    <ClInclude Include="ImageComponent.h">
      <Filter>Components</Filter>
    </ClInclude>
    <ClInclude Include="Transform.h">
      <Filter>Components</Filter>
    </ClInclude>
  </ItemGroup>
</Project>