<?xml version="1.0" encoding="utf-8"?>
<Project ToolsVersion="4.0" xmlns="http://schemas.microsoft.com/developer/msbuild/2003">
  <ItemGroup>
    <Filter Include="Source Files">
      <UniqueIdentifier>{4FC737F1-C7A5-4376-A066-2A32D752A2FF}</UniqueIdentifier>
      <Extensions>cpp;c;cc;cxx;c++;cppm;ixx;def;odl;idl;hpj;bat;asm;asmx</Extensions>
    </Filter>
    <Filter Include="Resource Files">
      <UniqueIdentifier>{67DA6AB6-F800-4c08-8B7A-83BB121AAD01}</UniqueIdentifier>
      <Extensions>rc;ico;cur;bmp;dlg;rc2;rct;bin;rgs;gif;jpg;jpeg;jpe;resx;tiff;tif;png;wav;mfcribbon-ms</Extensions>
    </Filter>
    <Filter Include="Components">
      <UniqueIdentifier>{94f306dd-3227-4c6b-a02e-34e30033ec20}</UniqueIdentifier>
    </Filter>
    <Filter Include="Scenes">
      <UniqueIdentifier>{4d4a551c-989c-4b20-8e29-bf60b5f55b83}</UniqueIdentifier>
    </Filter>
    <Filter Include="GameObject">
      <UniqueIdentifier>{d475fa44-b1a4-43fe-b069-452c19bbbbea}</UniqueIdentifier>
    </Filter>
    <Filter Include="Logger">
      <UniqueIdentifier>{5cf0b1e5-0e09-4a40-bdbe-a94ff7909587}</UniqueIdentifier>
    </Filter>
    <Filter Include="Time">
      <UniqueIdentifier>{93ec39ff-b99d-471c-834d-ae2ab37d7426}</UniqueIdentifier>
    </Filter>
    <Filter Include="Input">
      <UniqueIdentifier>{c0d6e521-d76c-4a2f-ac57-9c529208bac9}</UniqueIdentifier>
    </Filter>
    <Filter Include="ResourceManager">
      <UniqueIdentifier>{3053b5fa-0326-46a6-8667-9dc86c0b2a4d}</UniqueIdentifier>
    </Filter>
    <Filter Include="Image">
      <UniqueIdentifier>{bfa23146-2b0a-4a26-8f51-2b101d85dc77}</UniqueIdentifier>
    </Filter>
    <Filter Include="Rendering">
      <UniqueIdentifier>{4958b9bc-48d6-4e8f-9449-f031bd7bc521}</UniqueIdentifier>
    </Filter>
    <Filter Include="Events">
      <UniqueIdentifier>{7896e402-678d-4334-8b5b-eb98853e6665}</UniqueIdentifier>
    </Filter>
  </ItemGroup>
  <ItemGroup>
    <ClCompile Include="Engine\Engine.cpp">
      <Filter>Source Files</Filter>
    </ClCompile>
    <ClCompile Include="Scene\Scene.cpp">
      <Filter>Scenes</Filter>
    </ClCompile>
    <ClCompile Include="Scene\SceneManager.cpp">
      <Filter>Scenes</Filter>
    </ClCompile>
    <ClCompile Include="GameObject\GameObject.cpp">
      <Filter>GameObject</Filter>
    </ClCompile>
    <ClCompile Include="Logger\Logger.cpp">
      <Filter>Logger</Filter>
    </ClCompile>
    <ClCompile Include="Logger\ConsoleLogger.cpp">
      <Filter>Logger</Filter>
    </ClCompile>
    <ClCompile Include="Time\KRTime.cpp">
      <Filter>Time</Filter>
    </ClCompile>
    <ClCompile Include="Input\SDLInputManager.cpp">
      <Filter>Input</Filter>
    </ClCompile>
    <ClCompile Include="ResourceManager\Loaders.cpp">
      <Filter>ResourceManager</Filter>
    </ClCompile>
    <ClCompile Include="Component\ImageComponent.cpp">
      <Filter>Components</Filter>
    </ClCompile>
    <ClCompile Include="Component\Transform.cpp">
      <Filter>Components</Filter>
    </ClCompile>
    <ClCompile Include="Component\Component.cpp">
      <Filter>Source Files</Filter>
    </ClCompile>
    <ClCompile Include="Rendering\Renderer.cpp">
      <Filter>Rendering</Filter>
    </ClCompile>
    <ClCompile Include="Image\Texture.cpp">
      <Filter>Image</Filter>
    </ClCompile>
    <ClCompile Include="Rendering\SDLRenderer.cpp">
      <Filter>Rendering</Filter>
    </ClCompile>
    <ClCompile Include="Input\InputAction.cpp">
      <Filter>Input</Filter>
    </ClCompile>
    <ClCompile Include="Input\Input.cpp">
      <Filter>Source Files</Filter>
    </ClCompile>
    <ClCompile Include="Event\MemberEventTarget.h">
      <Filter>Events</Filter>
    </ClCompile>
  </ItemGroup>
  <ItemGroup>
    <ClInclude Include="Engine\Engine.h">
      <Filter>Source Files</Filter>
    </ClInclude>
    <ClInclude Include="Component\Component.h">
      <Filter>Components</Filter>
    </ClInclude>
    <ClInclude Include="Singleton.h">
      <Filter>Source Files</Filter>
    </ClInclude>
    <ClInclude Include="Scene\Scene.h">
      <Filter>Scenes</Filter>
    </ClInclude>
    <ClInclude Include="Scene\SceneManager.h">
      <Filter>Scenes</Filter>
    </ClInclude>
    <ClInclude Include="GameObject\GameObject.h">
      <Filter>GameObject</Filter>
    </ClInclude>
    <ClInclude Include="Logger\Logger.h">
      <Filter>Logger</Filter>
    </ClInclude>
    <ClInclude Include="Logger\LoggerService.h">
      <Filter>Logger</Filter>
    </ClInclude>
    <ClInclude Include="Logger\NullLogger.h">
      <Filter>Logger</Filter>
    </ClInclude>
    <ClInclude Include="Logger\ConsoleLogger.h">
      <Filter>Logger</Filter>
    </ClInclude>
    <ClInclude Include="Time\KRTime.h">
      <Filter>Time</Filter>
    </ClInclude>
    <ClInclude Include="Input\SDLInputManager.h">
      <Filter>Input</Filter>
    </ClInclude>
    <ClInclude Include="ICommand.h">
      <Filter>Source Files</Filter>
    </ClInclude>
    <ClInclude Include="QuitCommand.h">
      <Filter>Source Files</Filter>
    </ClInclude>
    <ClInclude Include="ResourceManager\ResourceManager.h">
      <Filter>ResourceManager</Filter>
    </ClInclude>
    <ClInclude Include="ResourceManager\Loaders.h">
      <Filter>ResourceManager</Filter>
    </ClInclude>
    <ClInclude Include="Image\Texture.h">
      <Filter>Image</Filter>
    </ClInclude>
    <ClInclude Include="Component\ImageComponent.h">
      <Filter>Components</Filter>
    </ClInclude>
    <ClInclude Include="Component\Transform.h">
      <Filter>Components</Filter>
    </ClInclude>
    <ClInclude Include="Rendering\Renderer.h">
      <Filter>Rendering</Filter>
    </ClInclude>
    <ClInclude Include="Rendering\SDLRenderer.h">
      <Filter>Rendering</Filter>
    </ClInclude>
    <ClInclude Include="Rendering\IRenderer.h">
      <Filter>Rendering</Filter>
    </ClInclude>
    <ClInclude Include="Settings.h" />
    <ClInclude Include="Image\SDLTexture.h">
      <Filter>Image</Filter>
    </ClInclude>
    <ClInclude Include="Input\InputAction.h">
      <Filter>Input</Filter>
    </ClInclude>
    <ClInclude Include="Input\KRKeyCodes.h">
      <Filter>Input</Filter>
    </ClInclude>
    <ClInclude Include="Input\IInputManager.h">
      <Filter>Input</Filter>
    </ClInclude>
    <ClInclude Include="Input\Input.h">
      <Filter>Input</Filter>
    </ClInclude>
    <ClInclude Include="Event\Event.h">
      <Filter>Events</Filter>
    </ClInclude>
    <ClInclude Include="Event\IEventTarget.h">
      <Filter>Events</Filter>
    </ClInclude>
    <ClInclude Include="Event\EventTarget.h">
      <Filter>Events</Filter>
    </ClInclude>
  </ItemGroup>
</Project>